
Microsoft Visual Studio Solution File, Format Version 12.00
# Visual Studio Version 17
VisualStudioVersion = 17.7.34202.233
MinimumVisualStudioVersion = 10.0.40219.1
Project("{8BC9CEB8-8B4A-11D0-8D11-00A0C91BC942}") = "MMM", "MMM\MMM.vcxproj", "{1379ABB2-9303-4BB6-B164-AD5D1B7117BC}"
EndProject
Global
	GlobalSection(SolutionConfigurationPlatforms) = preSolution
		Debug|x64 = Debug|x64
		Debug|x86 = Debug|x86
		Release|x64 = Release|x64
		Release|x86 = Release|x86
	EndGlobalSection
	GlobalSection(ProjectConfigurationPlatforms) = postSolution
		{1379ABB2-9303-4BB6-B164-AD5D1B7117BC}.Debug|x64.ActiveCfg = Debug|x64
		{1379ABB2-9303-4BB6-B164-AD5D1B7117BC}.Debug|x64.Build.0 = Debug|x64
		{1379ABB2-9303-4BB6-B164-AD5D1B7117BC}.Debug|x86.ActiveCfg = Debug|Win32
		{1379ABB2-9303-4BB6-B164-AD5D1B7117BC}.Debug|x86.Build.0 = Debug|Win32
		{1379ABB2-9303-4BB6-B164-AD5D1B7117BC}.Release|x64.ActiveCfg = Release|x64
		{1379ABB2-9303-4BB6-B164-AD5D1B7117BC}.Release|x64.Build.0 = Release|x64
		{1379ABB2-9303-4BB6-B164-AD5D1B7117BC}.Release|x86.ActiveCfg = Release|Win32
		{1379ABB2-9303-4BB6-B164-AD5D1B7117BC}.Release|x86.Build.0 = Release|Win32
	EndGlobalSection
	GlobalSection(SolutionProperties) = preSolution
		HideSolutionNode = FALSE
	EndGlobalSection
	GlobalSection(ExtensibilityGlobals) = postSolution
		SolutionGuid = {008800C7-88B2-4B5D-9F42-8B505EADF279}
	EndGlobalSection
EndGlobal
